<?xml version="1.0" encoding="utf-8"?>
<Project ToolsVersion="4.0" xmlns="http://schemas.microsoft.com/developer/msbuild/2003">
  <ItemGroup>
    <Filter Include="源文件">
      <UniqueIdentifier>{4FC737F1-C7A5-4376-A066-2A32D752A2FF}</UniqueIdentifier>
      <Extensions>cpp;c;cc;cxx;def;odl;idl;hpj;bat;asm;asmx</Extensions>
    </Filter>
    <Filter Include="头文件">
      <UniqueIdentifier>{93995380-89BD-4b04-88EB-625FBE52EBFB}</UniqueIdentifier>
      <Extensions>h;hpp;hxx;hm;inl;inc;xsd</Extensions>
    </Filter>
    <Filter Include="资源文件">
      <UniqueIdentifier>{67DA6AB6-F800-4c08-8B7A-83BB121AAD01}</UniqueIdentifier>
      <Extensions>rc;ico;cur;bmp;dlg;rc2;rct;bin;rgs;gif;jpg;jpeg;jpe;resx;tiff;tif;png;wav;mfcribbon-ms</Extensions>
    </Filter>
    <Filter Include="头文件\Base">
      <UniqueIdentifier>{5976676b-fa3c-41a8-b010-5de01bfc71cb}</UniqueIdentifier>
    </Filter>
    <Filter Include="源文件\Base">
      <UniqueIdentifier>{7b4d8817-c462-4d33-aad7-4d5b281aa29d}</UniqueIdentifier>
    </Filter>
    <Filter Include="头文件\Base\Graphic">
      <UniqueIdentifier>{3948663f-9f67-4136-86ff-7f2e679ffdd1}</UniqueIdentifier>
    </Filter>
    <Filter Include="源文件\Base\Graphic">
      <UniqueIdentifier>{8183c1e8-d16d-4a04-a2d3-1e1e8bc10b16}</UniqueIdentifier>
    </Filter>
    <Filter Include="头文件\Base\Platform">
      <UniqueIdentifier>{b3fa14bc-fefe-4267-8ee8-643d2a1c139b}</UniqueIdentifier>
    </Filter>
    <Filter Include="源文件\Base\Platform">
      <UniqueIdentifier>{9ad9b194-5716-494c-8613-9bc7fc73e4d3}</UniqueIdentifier>
    </Filter>
    <Filter Include="头文件\Base\Graphic\3D">
      <UniqueIdentifier>{41da01b3-44c9-4a18-bfb9-b04873a1f3d0}</UniqueIdentifier>
    </Filter>
    <Filter Include="源文件\Base\Graphic\3D">
      <UniqueIdentifier>{dbc7e816-c7ba-49a9-bf5d-a385e33ceac1}</UniqueIdentifier>
    </Filter>
    <Filter Include="头文件\Base\Graphic\2D">
      <UniqueIdentifier>{dd69a8ae-1867-45de-b81e-8ddd23a5aada}</UniqueIdentifier>
    </Filter>
    <Filter Include="源文件\Base\Graphic\2D">
      <UniqueIdentifier>{7fdc4136-c36d-42e4-b858-fbf84de9f332}</UniqueIdentifier>
    </Filter>
  </ItemGroup>
  <ItemGroup>
    <ClCompile Include="Main.cpp">
      <Filter>源文件</Filter>
    </ClCompile>
    <ClCompile Include="Utility.cpp">
      <Filter>源文件\Base</Filter>
    </ClCompile>
    <ClCompile Include="Windows.cpp">
      <Filter>源文件\Base\Platform</Filter>
    </ClCompile>
    <ClCompile Include="App.cpp">
      <Filter>源文件</Filter>
    </ClCompile>
    <ClCompile Include="DirectX9.cpp">
      <Filter>源文件\Base\Graphic\3D</Filter>
    </ClCompile>
    <ClCompile Include="Direct2D1.cpp">
      <Filter>源文件\Base\Graphic\2D</Filter>
    </ClCompile>
  </ItemGroup>
  <ItemGroup>
    <ClInclude Include="Utility.h">
      <Filter>头文件\Base</Filter>
    </ClInclude>
    <ClInclude Include="Windows.h">
      <Filter>头文件\Base\Platform</Filter>
    </ClInclude>
    <ClInclude Include="App.h">
      <Filter>头文件</Filter>
    </ClInclude>
    <ClInclude Include="DirectX9.h">
      <Filter>头文件\Base\Graphic\3D</Filter>
    </ClInclude>
    <ClInclude Include="Direct2D1.h">
      <Filter>头文件\Base\Graphic\2D</Filter>
    </ClInclude>
  </ItemGroup>
</Project>